
Microsoft Visual Studio Solution File, Format Version 12.00
# Visual Studio Version 17
VisualStudioVersion = 17.11.35327.3
MinimumVisualStudioVersion = 10.0.40219.1
Project("{FAE04EC0-301F-11D3-BF4B-00C04F79EFBC}") = "tienda", "tienda.csproj", "{96E97798-6243-4188-8B4D-B66167214687}"
EndProject
Global
	GlobalSection(SolutionConfigurationPlatforms) = preSolution
		Debug|Any CPU = Debug|Any CPU
		Release|Any CPU = Release|Any CPU
	EndGlobalSection
	GlobalSection(ProjectConfigurationPlatforms) = postSolution
		{96E97798-6243-4188-8B4D-B66167214687}.Debug|Any CPU.ActiveCfg = Debug|Any CPU
		{96E97798-6243-4188-8B4D-B66167214687}.Debug|Any CPU.Build.0 = Debug|Any CPU
		{96E97798-6243-4188-8B4D-B66167214687}.Release|Any CPU.ActiveCfg = Release|Any CPU
		{96E97798-6243-4188-8B4D-B66167214687}.Release|Any CPU.Build.0 = Release|Any CPU
	EndGlobalSection
	GlobalSection(SolutionProperties) = preSolution
		HideSolutionNode = FALSE
	EndGlobalSection
	GlobalSection(ExtensibilityGlobals) = postSolution
		SolutionGuid = {70187152-1596-49C9-8EAA-A3C65180C8F9}
	EndGlobalSection
EndGlobal
